// !$*UTF8*$!
{
	archiveVersion = 1;
	classes = {
	};
	objectVersion = 50;
	objects = {

/* Begin PBXBuildFile section */
		56853F962578E48E00CB18F9 /* AppDelegate.swift in Sources */ = {isa = PBXBuildFile; fileRef = 56853F952578E48E00CB18F9 /* AppDelegate.swift */; };
		56853F982578E48E00CB18F9 /* SceneDelegate.swift in Sources */ = {isa = PBXBuildFile; fileRef = 56853F972578E48E00CB18F9 /* SceneDelegate.swift */; };
		56853F9A2578E48E00CB18F9 /* ContentView.swift in Sources */ = {isa = PBXBuildFile; fileRef = 56853F992578E48E00CB18F9 /* ContentView.swift */; };
		56853F9C2578E49A00CB18F9 /* Assets.xcassets in Resources */ = {isa = PBXBuildFile; fileRef = 56853F9B2578E49A00CB18F9 /* Assets.xcassets */; };
		56853F9F2578E49A00CB18F9 /* Preview Assets.xcassets in Resources */ = {isa = PBXBuildFile; fileRef = 56853F9E2578E49A00CB18F9 /* Preview Assets.xcassets */; };
		56853FA22578E49A00CB18F9 /* LaunchScreen.storyboard in Resources */ = {isa = PBXBuildFile; fileRef = 56853FA02578E49A00CB18F9 /* LaunchScreen.storyboard */; };
		56853FAD2578E49C00CB18F9 /* LoadingViewExampleTests.swift in Sources */ = {isa = PBXBuildFile; fileRef = 56853FAC2578E49C00CB18F9 /* LoadingViewExampleTests.swift */; };
		56853FB82578E49C00CB18F9 /* LoadingViewExampleUITests.swift in Sources */ = {isa = PBXBuildFile; fileRef = 56853FB72578E49C00CB18F9 /* LoadingViewExampleUITests.swift */; };
		56853FC92578E4F000CB18F9 /* LoadingView.swift in Sources */ = {isa = PBXBuildFile; fileRef = 56853FC82578E4EF00CB18F9 /* LoadingView.swift */; };
/* End PBXBuildFile section */

/* Begin PBXContainerItemProxy section */
		56853FA92578E49C00CB18F9 /* PBXContainerItemProxy */ = {
			isa = PBXContainerItemProxy;
			containerPortal = 56853F8A2578E48E00CB18F9 /* Project object */;
			proxyType = 1;
			remoteGlobalIDString = 56853F912578E48E00CB18F9;
			remoteInfo = LoadingViewExample;
		};
		56853FB42578E49C00CB18F9 /* PBXContainerItemProxy */ = {
			isa = PBXContainerItemProxy;
			containerPortal = 56853F8A2578E48E00CB18F9 /* Project object */;
			proxyType = 1;
			remoteGlobalIDString = 56853F912578E48E00CB18F9;
			remoteInfo = LoadingViewExample;
		};
/* End PBXContainerItemProxy section */

/* Begin PBXFileReference section */
		56853F922578E48E00CB18F9 /* LoadingViewExample.app */ = {isa = PBXFileReference; explicitFileType = wrapper.application; includeInIndex = 0; path = LoadingViewExample.app; sourceTree = BUILT_PRODUCTS_DIR; };
		56853F952578E48E00CB18F9 /* AppDelegate.swift */ = {isa = PBXFileReference; lastKnownFileType = sourcecode.swift; path = AppDelegate.swift; sourceTree = "<group>"; };
		56853F972578E48E00CB18F9 /* SceneDelegate.swift */ = {isa = PBXFileReference; lastKnownFileType = sourcecode.swift; path = SceneDelegate.swift; sourceTree = "<group>"; };
		56853F992578E48E00CB18F9 /* ContentView.swift */ = {isa = PBXFileReference; lastKnownFileType = sourcecode.swift; path = ContentView.swift; sourceTree = "<group>"; };
		56853F9B2578E49A00CB18F9 /* Assets.xcassets */ = {isa = PBXFileReference; lastKnownFileType = folder.assetcatalog; path = Assets.xcassets; sourceTree = "<group>"; };
		56853F9E2578E49A00CB18F9 /* Preview Assets.xcassets */ = {isa = PBXFileReference; lastKnownFileType = folder.assetcatalog; path = "Preview Assets.xcassets"; sourceTree = "<group>"; };
		56853FA12578E49A00CB18F9 /* Base */ = {isa = PBXFileReference; lastKnownFileType = file.storyboard; name = Base; path = Base.lproj/LaunchScreen.storyboard; sourceTree = "<group>"; };
		56853FA32578E49A00CB18F9 /* Info.plist */ = {isa = PBXFileReference; lastKnownFileType = text.plist.xml; path = Info.plist; sourceTree = "<group>"; };
		56853FA82578E49C00CB18F9 /* LoadingViewExampleTests.xctest */ = {isa = PBXFileReference; explicitFileType = wrapper.cfbundle; includeInIndex = 0; path = LoadingViewExampleTests.xctest; sourceTree = BUILT_PRODUCTS_DIR; };
		56853FAC2578E49C00CB18F9 /* LoadingViewExampleTests.swift */ = {isa = PBXFileReference; lastKnownFileType = sourcecode.swift; path = LoadingViewExampleTests.swift; sourceTree = "<group>"; };
		56853FAE2578E49C00CB18F9 /* Info.plist */ = {isa = PBXFileReference; lastKnownFileType = text.plist.xml; path = Info.plist; sourceTree = "<group>"; };
		56853FB32578E49C00CB18F9 /* LoadingViewExampleUITests.xctest */ = {isa = PBXFileReference; explicitFileType = wrapper.cfbundle; includeInIndex = 0; path = LoadingViewExampleUITests.xctest; sourceTree = BUILT_PRODUCTS_DIR; };
		56853FB72578E49C00CB18F9 /* LoadingViewExampleUITests.swift */ = {isa = PBXFileReference; lastKnownFileType = sourcecode.swift; path = LoadingViewExampleUITests.swift; sourceTree = "<group>"; };
		56853FB92578E49C00CB18F9 /* Info.plist */ = {isa = PBXFileReference; lastKnownFileType = text.plist.xml; path = Info.plist; sourceTree = "<group>"; };
		56853FC82578E4EF00CB18F9 /* LoadingView.swift */ = {isa = PBXFileReference; lastKnownFileType = sourcecode.swift; name = LoadingView.swift; path = ../../../LoadingViewDemo/Sources/Classes/LoadingView.swift; sourceTree = "<group>"; };
/* End PBXFileReference section */

/* Begin PBXFrameworksBuildPhase section */
		56853F8F2578E48E00CB18F9 /* Frameworks */ = {
			isa = PBXFrameworksBuildPhase;
			buildActionMask = 2147483647;
			files = (
			);
			runOnlyForDeploymentPostprocessing = 0;
		};
		56853FA52578E49C00CB18F9 /* Frameworks */ = {
			isa = PBXFrameworksBuildPhase;
			buildActionMask = 2147483647;
			files = (
			);
			runOnlyForDeploymentPostprocessing = 0;
		};
		56853FB02578E49C00CB18F9 /* Frameworks */ = {
			isa = PBXFrameworksBuildPhase;
			buildActionMask = 2147483647;
			files = (
			);
			runOnlyForDeploymentPostprocessing = 0;
		};
/* End PBXFrameworksBuildPhase section */

/* Begin PBXGroup section */
		56853F892578E48E00CB18F9 = {
			isa = PBXGroup;
			children = (
				56853F942578E48E00CB18F9 /* LoadingViewExample */,
				56853FAB2578E49C00CB18F9 /* LoadingViewExampleTests */,
				56853FB62578E49C00CB18F9 /* LoadingViewExampleUITests */,
				56853F932578E48E00CB18F9 /* Products */,
			);
			sourceTree = "<group>";
		};
		56853F932578E48E00CB18F9 /* Products */ = {
			isa = PBXGroup;
			children = (
				56853F922578E48E00CB18F9 /* LoadingViewExample.app */,
				56853FA82578E49C00CB18F9 /* LoadingViewExampleTests.xctest */,
				56853FB32578E49C00CB18F9 /* LoadingViewExampleUITests.xctest */,
			);
			name = Products;
			sourceTree = "<group>";
		};
		56853F942578E48E00CB18F9 /* LoadingViewExample */ = {
			isa = PBXGroup;
			children = (
				56853F952578E48E00CB18F9 /* AppDelegate.swift */,
				56853F972578E48E00CB18F9 /* SceneDelegate.swift */,
				56853F992578E48E00CB18F9 /* ContentView.swift */,
				56853FC82578E4EF00CB18F9 /* LoadingView.swift */,
				56853F9B2578E49A00CB18F9 /* Assets.xcassets */,
				56853FA02578E49A00CB18F9 /* LaunchScreen.storyboard */,
				56853FA32578E49A00CB18F9 /* Info.plist */,
				56853F9D2578E49A00CB18F9 /* Preview Content */,
			);
			path = LoadingViewExample;
			sourceTree = "<group>";
		};
		56853F9D2578E49A00CB18F9 /* Preview Content */ = {
			isa = PBXGroup;
			children = (
				56853F9E2578E49A00CB18F9 /* Preview Assets.xcassets */,
			);
			path = "Preview Content";
			sourceTree = "<group>";
		};
		56853FAB2578E49C00CB18F9 /* LoadingViewExampleTests */ = {
			isa = PBXGroup;
			children = (
				56853FAC2578E49C00CB18F9 /* LoadingViewExampleTests.swift */,
				56853FAE2578E49C00CB18F9 /* Info.plist */,
			);
			path = LoadingViewExampleTests;
			sourceTree = "<group>";
		};
		56853FB62578E49C00CB18F9 /* LoadingViewExampleUITests */ = {
			isa = PBXGroup;
			children = (
				56853FB72578E49C00CB18F9 /* LoadingViewExampleUITests.swift */,
				56853FB92578E49C00CB18F9 /* Info.plist */,
			);
			path = LoadingViewExampleUITests;
			sourceTree = "<group>";
		};
/* End PBXGroup section */

/* Begin PBXNativeTarget section */
		56853F912578E48E00CB18F9 /* LoadingViewExample */ = {
			isa = PBXNativeTarget;
			buildConfigurationList = 56853FBC2578E49C00CB18F9 /* Build configuration list for PBXNativeTarget "LoadingViewExample" */;
			buildPhases = (
				56853F8E2578E48E00CB18F9 /* Sources */,
				56853F8F2578E48E00CB18F9 /* Frameworks */,
				56853F902578E48E00CB18F9 /* Resources */,
			);
			buildRules = (
			);
			dependencies = (
			);
			name = LoadingViewExample;
			productName = LoadingViewExample;
			productReference = 56853F922578E48E00CB18F9 /* LoadingViewExample.app */;
			productType = "com.apple.product-type.application";
		};
		56853FA72578E49C00CB18F9 /* LoadingViewExampleTests */ = {
			isa = PBXNativeTarget;
			buildConfigurationList = 56853FBF2578E49C00CB18F9 /* Build configuration list for PBXNativeTarget "LoadingViewExampleTests" */;
			buildPhases = (
				56853FA42578E49C00CB18F9 /* Sources */,
				56853FA52578E49C00CB18F9 /* Frameworks */,
				56853FA62578E49C00CB18F9 /* Resources */,
			);
			buildRules = (
			);
			dependencies = (
				56853FAA2578E49C00CB18F9 /* PBXTargetDependency */,
			);
			name = LoadingViewExampleTests;
			productName = LoadingViewExampleTests;
			productReference = 56853FA82578E49C00CB18F9 /* LoadingViewExampleTests.xctest */;
			productType = "com.apple.product-type.bundle.unit-test";
		};
		56853FB22578E49C00CB18F9 /* LoadingViewExampleUITests */ = {
			isa = PBXNativeTarget;
			buildConfigurationList = 56853FC22578E49C00CB18F9 /* Build configuration list for PBXNativeTarget "LoadingViewExampleUITests" */;
			buildPhases = (
				56853FAF2578E49C00CB18F9 /* Sources */,
				56853FB02578E49C00CB18F9 /* Frameworks */,
				56853FB12578E49C00CB18F9 /* Resources */,
			);
			buildRules = (
			);
			dependencies = (
				56853FB52578E49C00CB18F9 /* PBXTargetDependency */,
			);
			name = LoadingViewExampleUITests;
			productName = LoadingViewExampleUITests;
			productReference = 56853FB32578E49C00CB18F9 /* LoadingViewExampleUITests.xctest */;
			productType = "com.apple.product-type.bundle.ui-testing";
		};
/* End PBXNativeTarget section */

/* Begin PBXProject section */
		56853F8A2578E48E00CB18F9 /* Project object */ = {
			isa = PBXProject;
			attributes = {
				LastSwiftUpdateCheck = 1210;
				LastUpgradeCheck = 1210;
				TargetAttributes = {
					56853F912578E48E00CB18F9 = {
						CreatedOnToolsVersion = 12.1;
					};
					56853FA72578E49C00CB18F9 = {
						CreatedOnToolsVersion = 12.1;
						TestTargetID = 56853F912578E48E00CB18F9;
					};
					56853FB22578E49C00CB18F9 = {
						CreatedOnToolsVersion = 12.1;
						TestTargetID = 56853F912578E48E00CB18F9;
					};
				};
			};
			buildConfigurationList = 56853F8D2578E48E00CB18F9 /* Build configuration list for PBXProject "LoadingViewExample" */;
			compatibilityVersion = "Xcode 9.3";
			developmentRegion = en;
			hasScannedForEncodings = 0;
			knownRegions = (
				en,
				Base,
			);
			mainGroup = 56853F892578E48E00CB18F9;
			productRefGroup = 56853F932578E48E00CB18F9 /* Products */;
			projectDirPath = "";
			projectRoot = "";
			targets = (
				56853F912578E48E00CB18F9 /* LoadingViewExample */,
				56853FA72578E49C00CB18F9 /* LoadingViewExampleTests */,
				56853FB22578E49C00CB18F9 /* LoadingViewExampleUITests */,
			);
		};
/* End PBXProject section */

/* Begin PBXResourcesBuildPhase section */
		56853F902578E48E00CB18F9 /* Resources */ = {
			isa = PBXResourcesBuildPhase;
			buildActionMask = 2147483647;
			files = (
				56853FA22578E49A00CB18F9 /* LaunchScreen.storyboard in Resources */,
				56853F9F2578E49A00CB18F9 /* Preview Assets.xcassets in Resources */,
				56853F9C2578E49A00CB18F9 /* Assets.xcassets in Resources */,
			);
			runOnlyForDeploymentPostprocessing = 0;
		};
		56853FA62578E49C00CB18F9 /* Resources */ = {
			isa = PBXResourcesBuildPhase;
			buildActionMask = 2147483647;
			files = (
			);
			runOnlyForDeploymentPostprocessing = 0;
		};
		56853FB12578E49C00CB18F9 /* Resources */ = {
			isa = PBXResourcesBuildPhase;
			buildActionMask = 2147483647;
			files = (
			);
			runOnlyForDeploymentPostprocessing = 0;
		};
/* End PBXResourcesBuildPhase section */

/* Begin PBXSourcesBuildPhase section */
		56853F8E2578E48E00CB18F9 /* Sources */ = {
			isa = PBXSourcesBuildPhase;
			buildActionMask = 2147483647;
			files = (
				56853F962578E48E00CB18F9 /* AppDelegate.swift in Sources */,
				56853FC92578E4F000CB18F9 /* LoadingView.swift in Sources */,
				56853F982578E48E00CB18F9 /* SceneDelegate.swift in Sources */,
				56853F9A2578E48E00CB18F9 /* ContentView.swift in Sources */,
			);
			runOnlyForDeploymentPostprocessing = 0;
		};
		56853FA42578E49C00CB18F9 /* Sources */ = {
			isa = PBXSourcesBuildPhase;
			buildActionMask = 2147483647;
			files = (
				56853FAD2578E49C00CB18F9 /* LoadingViewExampleTests.swift in Sources */,
			);
			runOnlyForDeploymentPostprocessing = 0;
		};
		56853FAF2578E49C00CB18F9 /* Sources */ = {
			isa = PBXSourcesBuildPhase;
			buildActionMask = 2147483647;
			files = (
				56853FB82578E49C00CB18F9 /* LoadingViewExampleUITests.swift in Sources */,
			);
			runOnlyForDeploymentPostprocessing = 0;
		};
/* End PBXSourcesBuildPhase section */

/* Begin PBXTargetDependency section */
		56853FAA2578E49C00CB18F9 /* PBXTargetDependency */ = {
			isa = PBXTargetDependency;
			target = 56853F912578E48E00CB18F9 /* LoadingViewExample */;
			targetProxy = 56853FA92578E49C00CB18F9 /* PBXContainerItemProxy */;
		};
		56853FB52578E49C00CB18F9 /* PBXTargetDependency */ = {
			isa = PBXTargetDependency;
			target = 56853F912578E48E00CB18F9 /* LoadingViewExample */;
			targetProxy = 56853FB42578E49C00CB18F9 /* PBXContainerItemProxy */;
		};
/* End PBXTargetDependency section */

/* Begin PBXVariantGroup section */
		56853FA02578E49A00CB18F9 /* LaunchScreen.storyboard */ = {
			isa = PBXVariantGroup;
			children = (
				56853FA12578E49A00CB18F9 /* Base */,
			);
			name = LaunchScreen.storyboard;
			sourceTree = "<group>";
		};
/* End PBXVariantGroup section */

/* Begin XCBuildConfiguration section */
		56853FBA2578E49C00CB18F9 /* Debug */ = {
			isa = XCBuildConfiguration;
			buildSettings = {
				ALWAYS_SEARCH_USER_PATHS = NO;
				CLANG_ANALYZER_NONNULL = YES;
				CLANG_ANALYZER_NUMBER_OBJECT_CONVERSION = YES_AGGRESSIVE;
				CLANG_CXX_LANGUAGE_STANDARD = "gnu++14";
				CLANG_CXX_LIBRARY = "libc++";
				CLANG_ENABLE_MODULES = YES;
				CLANG_ENABLE_OBJC_ARC = YES;
				CLANG_ENABLE_OBJC_WEAK = YES;
				CLANG_WARN_BLOCK_CAPTURE_AUTORELEASING = YES;
				CLANG_WARN_BOOL_CONVERSION = YES;
				CLANG_WARN_COMMA = YES;
				CLANG_WARN_CONSTANT_CONVERSION = YES;
				CLANG_WARN_DEPRECATED_OBJC_IMPLEMENTATIONS = YES;
				CLANG_WARN_DIRECT_OBJC_ISA_USAGE = YES_ERROR;
				CLANG_WARN_DOCUMENTATION_COMMENTS = YES;
				CLANG_WARN_EMPTY_BODY = YES;
				CLANG_WARN_ENUM_CONVERSION = YES;
				CLANG_WARN_INFINITE_RECURSION = YES;
				CLANG_WARN_INT_CONVERSION = YES;
				CLANG_WARN_NON_LITERAL_NULL_CONVERSION = YES;
				CLANG_WARN_OBJC_IMPLICIT_RETAIN_SELF = YES;
				CLANG_WARN_OBJC_LITERAL_CONVERSION = YES;
				CLANG_WARN_OBJC_ROOT_CLASS = YES_ERROR;
				CLANG_WARN_QUOTED_INCLUDE_IN_FRAMEWORK_HEADER = YES;
				CLANG_WARN_RANGE_LOOP_ANALYSIS = YES;
				CLANG_WARN_STRICT_PROTOTYPES = YES;
				CLANG_WARN_SUSPICIOUS_MOVE = YES;
				CLANG_WARN_UNGUARDED_AVAILABILITY = YES_AGGRESSIVE;
				CLANG_WARN_UNREACHABLE_CODE = YES;
				CLANG_WARN__DUPLICATE_METHOD_MATCH = YES;
				COPY_PHASE_STRIP = NO;
				DEBUG_INFORMATION_FORMAT = dwarf;
				ENABLE_STRICT_OBJC_MSGSEND = YES;
				ENABLE_TESTABILITY = YES;
				GCC_C_LANGUAGE_STANDARD = gnu11;
				GCC_DYNAMIC_NO_PIC = NO;
				GCC_NO_COMMON_BLOCKS = YES;
				GCC_OPTIMIZATION_LEVEL = 0;
				GCC_PREPROCESSOR_DEFINITIONS = (
					"DEBUG=1",
					"$(inherited)",
				);
				GCC_WARN_64_TO_32_BIT_CONVERSION = YES;
				GCC_WARN_ABOUT_RETURN_TYPE = YES_ERROR;
				GCC_WARN_UNDECLARED_SELECTOR = YES;
				GCC_WARN_UNINITIALIZED_AUTOS = YES_AGGRESSIVE;
				GCC_WARN_UNUSED_FUNCTION = YES;
				GCC_WARN_UNUSED_VARIABLE = YES;
				IPHONEOS_DEPLOYMENT_TARGET = 14.1;
				MTL_ENABLE_DEBUG_INFO = INCLUDE_SOURCE;
				MTL_FAST_MATH = YES;
				ONLY_ACTIVE_ARCH = YES;
				SDKROOT = iphoneos;
				SWIFT_ACTIVE_COMPILATION_CONDITIONS = DEBUG;
				SWIFT_OPTIMIZATION_LEVEL = "-Onone";
			};
			name = Debug;
		};
		56853FBB2578E49C00CB18F9 /* Release */ = {
			isa = XCBuildConfiguration;
			buildSettings = {
				ALWAYS_SEARCH_USER_PATHS = NO;
				CLANG_ANALYZER_NONNULL = YES;
				CLANG_ANALYZER_NUMBER_OBJECT_CONVERSION = YES_AGGRESSIVE;
				CLANG_CXX_LANGUAGE_STANDARD = "gnu++14";
				CLANG_CXX_LIBRARY = "libc++";
				CLANG_ENABLE_MODULES = YES;
				CLANG_ENABLE_OBJC_ARC = YES;
				CLANG_ENABLE_OBJC_WEAK = YES;
				CLANG_WARN_BLOCK_CAPTURE_AUTORELEASING = YES;
				CLANG_WARN_BOOL_CONVERSION = YES;
				CLANG_WARN_COMMA = YES;
				CLANG_WARN_CONSTANT_CONVERSION = YES;
				CLANG_WARN_DEPRECATED_OBJC_IMPLEMENTATIONS = YES;
				CLANG_WARN_DIRECT_OBJC_ISA_USAGE = YES_ERROR;
				CLANG_WARN_DOCUMENTATION_COMMENTS = YES;
				CLANG_WARN_EMPTY_BODY = YES;
				CLANG_WARN_ENUM_CONVERSION = YES;
				CLANG_WARN_INFINITE_RECURSION = YES;
				CLANG_WARN_INT_CONVERSION = YES;
				CLANG_WARN_NON_LITERAL_NULL_CONVERSION = YES;
				CLANG_WARN_OBJC_IMPLICIT_RETAIN_SELF = YES;
				CLANG_WARN_OBJC_LITERAL_CONVERSION = YES;
				CLANG_WARN_OBJC_ROOT_CLASS = YES_ERROR;
				CLANG_WARN_QUOTED_INCLUDE_IN_FRAMEWORK_HEADER = YES;
				CLANG_WARN_RANGE_LOOP_ANALYSIS = YES;
				CLANG_WARN_STRICT_PROTOTYPES = YES;
				CLANG_WARN_SUSPICIOUS_MOVE = YES;
				CLANG_WARN_UNGUARDED_AVAILABILITY = YES_AGGRESSIVE;
				CLANG_WARN_UNREACHABLE_CODE = YES;
				CLANG_WARN__DUPLICATE_METHOD_MATCH = YES;
				COPY_PHASE_STRIP = NO;
				DEBUG_INFORMATION_FORMAT = "dwarf-with-dsym";
				ENABLE_NS_ASSERTIONS = NO;
				ENABLE_STRICT_OBJC_MSGSEND = YES;
				GCC_C_LANGUAGE_STANDARD = gnu11;
				GCC_NO_COMMON_BLOCKS = YES;
				GCC_WARN_64_TO_32_BIT_CONVERSION = YES;
				GCC_WARN_ABOUT_RETURN_TYPE = YES_ERROR;
				GCC_WARN_UNDECLARED_SELECTOR = YES;
				GCC_WARN_UNINITIALIZED_AUTOS = YES_AGGRESSIVE;
				GCC_WARN_UNUSED_FUNCTION = YES;
				GCC_WARN_UNUSED_VARIABLE = YES;
				IPHONEOS_DEPLOYMENT_TARGET = 14.1;
				MTL_ENABLE_DEBUG_INFO = NO;
				MTL_FAST_MATH = YES;
				SDKROOT = iphoneos;
				SWIFT_COMPILATION_MODE = wholemodule;
				SWIFT_OPTIMIZATION_LEVEL = "-O";
				VALIDATE_PRODUCT = YES;
			};
			name = Release;
		};
		56853FBD2578E49C00CB18F9 /* Debug */ = {
			isa = XCBuildConfiguration;
			buildSettings = {
				ASSETCATALOG_COMPILER_APPICON_NAME = AppIcon;
				ASSETCATALOG_COMPILER_GLOBAL_ACCENT_COLOR_NAME = AccentColor;
				CODE_SIGN_STYLE = Automatic;
				DEVELOPMENT_ASSET_PATHS = "\"LoadingViewExample/Preview Content\"";
				DEVELOPMENT_TEAM = NEHEF8LFFZ;
				ENABLE_PREVIEWS = YES;
				INFOPLIST_FILE = LoadingViewExample/Info.plist;
				LD_RUNPATH_SEARCH_PATHS = (
					"$(inherited)",
					"@executable_path/Frameworks",
				);
				PRODUCT_BUNDLE_IDENTIFIER = com.kurrentap.LoadingViewExample;
				PRODUCT_NAME = "$(TARGET_NAME)";
				SWIFT_VERSION = 5.0;
				TARGETED_DEVICE_FAMILY = "1,2";
			};
			name = Debug;
		};
		56853FBE2578E49C00CB18F9 /* Release */ = {
			isa = XCBuildConfiguration;
			buildSettings = {
				ASSETCATALOG_COMPILER_APPICON_NAME = AppIcon;
				ASSETCATALOG_COMPILER_GLOBAL_ACCENT_COLOR_NAME = AccentColor;
				CODE_SIGN_STYLE = Automatic;
				DEVELOPMENT_ASSET_PATHS = "\"LoadingViewExample/Preview Content\"";
				DEVELOPMENT_TEAM = NEHEF8LFFZ;
				ENABLE_PREVIEWS = YES;
				INFOPLIST_FILE = LoadingViewExample/Info.plist;
				LD_RUNPATH_SEARCH_PATHS = (
					"$(inherited)",
					"@executable_path/Frameworks",
				);
				PRODUCT_BUNDLE_IDENTIFIER = com.kurrentap.LoadingViewExample;
				PRODUCT_NAME = "$(TARGET_NAME)";
				SWIFT_VERSION = 5.0;
				TARGETED_DEVICE_FAMILY = "1,2";
			};
			name = Release;
		};
		56853FC02578E49C00CB18F9 /* Debug */ = {
			isa = XCBuildConfiguration;
			buildSettings = {
				ALWAYS_EMBED_SWIFT_STANDARD_LIBRARIES = YES;
				BUNDLE_LOADER = "$(TEST_HOST)";
				CODE_SIGN_STYLE = Automatic;
				DEVELOPMENT_TEAM = NEHEF8LFFZ;
				INFOPLIST_FILE = LoadingViewExampleTests/Info.plist;
				IPHONEOS_DEPLOYMENT_TARGET = 14.1;
				LD_RUNPATH_SEARCH_PATHS = (
					"$(inherited)",
					"@executable_path/Frameworks",
					"@loader_path/Frameworks",
				);
				PRODUCT_BUNDLE_IDENTIFIER = com.kurrentap.LoadingViewExampleTests;
				PRODUCT_NAME = "$(TARGET_NAME)";
				SWIFT_VERSION = 5.0;
				TARGETED_DEVICE_FAMILY = "1,2";
				TEST_HOST = "$(BUILT_PRODUCTS_DIR)/LoadingViewExample.app/LoadingViewExample";
			};
			name = Debug;
		};
		56853FC12578E49C00CB18F9 /* Release */ = {
			isa = XCBuildConfiguration;
			buildSettings = {
				ALWAYS_EMBED_SWIFT_STANDARD_LIBRARIES = YES;
				BUNDLE_LOADER = "$(TEST_HOST)";
				CODE_SIGN_STYLE = Automatic;
				DEVELOPMENT_TEAM = NEHEF8LFFZ;
				INFOPLIST_FILE = LoadingViewExampleTests/Info.plist;
				IPHONEOS_DEPLOYMENT_TARGET = 14.1;
				LD_RUNPATH_SEARCH_PATHS = (
					"$(inherited)",
					"@executable_path/Frameworks",
					"@loader_path/Frameworks",
				);
				PRODUCT_BUNDLE_IDENTIFIER = com.kurrentap.LoadingViewExampleTests;
				PRODUCT_NAME = "$(TARGET_NAME)";
				SWIFT_VERSION = 5.0;
				TARGETED_DEVICE_FAMILY = "1,2";
				TEST_HOST = "$(BUILT_PRODUCTS_DIR)/LoadingViewExample.app/LoadingViewExample";
			};
			name = Release;
		};
		56853FC32578E49C00CB18F9 /* Debug */ = {
			isa = XCBuildConfiguration;
			buildSettings = {
				ALWAYS_EMBED_SWIFT_STANDARD_LIBRARIES = YES;
				CODE_SIGN_STYLE = Automatic;
				DEVELOPMENT_TEAM = NEHEF8LFFZ;
				INFOPLIST_FILE = LoadingViewExampleUITests/Info.plist;
				LD_RUNPATH_SEARCH_PATHS = (
					"$(inherited)",
					"@executable_path/Frameworks",
					"@loader_path/Frameworks",
				);
				PRODUCT_BUNDLE_IDENTIFIER = com.kurrentap.LoadingViewExampleUITests;
				PRODUCT_NAME = "$(TARGET_NAME)";
				SWIFT_VERSION = 5.0;
				TARGETED_DEVICE_FAMILY = "1,2";
				TEST_TARGET_NAME = LoadingViewExample;
			};
			name = Debug;
		};
		56853FC42578E49C00CB18F9 /* Release */ = {
			isa = XCBuildConfiguration;
			buildSettings = {
				ALWAYS_EMBED_SWIFT_STANDARD_LIBRARIES = YES;
				CODE_SIGN_STYLE = Automatic;
				DEVELOPMENT_TEAM = NEHEF8LFFZ;
				INFOPLIST_FILE = LoadingViewExampleUITests/Info.plist;
				LD_RUNPATH_SEARCH_PATHS = (
					"$(inherited)",
					"@executable_path/Frameworks",
					"@loader_path/Frameworks",
				);
				PRODUCT_BUNDLE_IDENTIFIER = com.kurrentap.LoadingViewExampleUITests;
				PRODUCT_NAME = "$(TARGET_NAME)";
				SWIFT_VERSION = 5.0;
				TARGETED_DEVICE_FAMILY = "1,2";
				TEST_TARGET_NAME = LoadingViewExample;
			};
			name = Release;
		};
/* End XCBuildConfiguration section */

/* Begin XCConfigurationList section */
		56853F8D2578E48E00CB18F9 /* Build configuration list for PBXProject "LoadingViewExample" */ = {
			isa = XCConfigurationList;
			buildConfigurations = (
				56853FBA2578E49C00CB18F9 /* Debug */,
				56853FBB2578E49C00CB18F9 /* Release */,
			);
			defaultConfigurationIsVisible = 0;
			defaultConfigurationName = Release;
		};
		56853FBC2578E49C00CB18F9 /* Build configuration list for PBXNativeTarget "LoadingViewExample" */ = {
			isa = XCConfigurationList;
			buildConfigurations = (
				56853FBD2578E49C00CB18F9 /* Debug */,
				56853FBE2578E49C00CB18F9 /* Release */,
			);
			defaultConfigurationIsVisible = 0;
			defaultConfigurationName = Release;
		};
		56853FBF2578E49C00CB18F9 /* Build configuration list for PBXNativeTarget "LoadingViewExampleTests" */ = {
			isa = XCConfigurationList;
			buildConfigurations = (
				56853FC02578E49C00CB18F9 /* Debug */,
				56853FC12578E49C00CB18F9 /* Release */,
			);
			defaultConfigurationIsVisible = 0;
			defaultConfigurationName = Release;
		};
		56853FC22578E49C00CB18F9 /* Build configuration list for PBXNativeTarget "LoadingViewExampleUITests" */ = {
			isa = XCConfigurationList;
			buildConfigurations = (
				56853FC32578E49C00CB18F9 /* Debug */,
				56853FC42578E49C00CB18F9 /* Release */,
			);
			defaultConfigurationIsVisible = 0;
			defaultConfigurationName = Release;
		};
/* End XCConfigurationList section */
	};
	rootObject = 56853F8A2578E48E00CB18F9 /* Project object */;
}
